{
  "requires": true,
  "lockfileVersion": 1,
  "dependencies": {
    "mescroll-uni": {
      "version": "1.0.30",
      "resolved": "https://registry.npmjs.org/mescroll-uni/-/mescroll-uni-1.0.30.tgz",
      "integrity": "sha512-ydWkVHLrWAefnBJlj6jr8Tgq63wSjN5XyOHXixFsiCT2XbmQmy1j7qEI3Ul5ByCJ6256/eUOt2eZLYOb7GJzfg=="
    }
  }
}
